# This file is generated by running "yarn install" inside your project.
# Manual changes might be lost - proceed with caution!

__metadata:
  version: 8
  cacheKey: 10c0

"@chain-forge/bitcoin@workspace:.":
  version: 0.0.0-use.local
  resolution: "@chain-forge/bitcoin@workspace:."
  dependencies:
    "@types/node": "npm:^20.0.0"
    bitcoinjs-lib: "npm:^6.1.0"
    typescript: "npm:^5.3.0"
  peerDependencies:
    bitcoinjs-lib: ^6.1.0
  languageName: unknown
  linkType: soft

"@noble/hashes@npm:^1.2.0":
  version: 1.8.0
  resolution: "@noble/hashes@npm:1.8.0"
  checksum: 06a0b52c81a6fa7f04d67762e08b2c476a00285858150caeaaff4037356dd5e119f45b2a530f638b77a5eeca013168ec1b655db41bae3236cb2e9d511484fc77
  languageName: node
  linkType: hard

"@types/node@npm:^20.0.0":
  version: 20.19.30
  resolution: "@types/node@npm:20.19.30"
  dependencies:
    undici-types: "npm:~6.21.0"
  checksum: 23dbea652727d947ea35fc1c4e8acb7e1c535e85f6c139c3a4697864a5af164655ce305ab0877ea4cca537deee0405bf56aeac714f236ae1a3dd0fa6b87cc860
  languageName: node
  linkType: hard

"base-x@npm:^4.0.0":
  version: 4.0.1
  resolution: "base-x@npm:4.0.1"
  checksum: 26a5a24105b27d94f21fa0640d5345620d758ab5d9269cf11828c502094d4f2fc5e84f3bfee63e9af29e83e0d3c97129264f1ac9653620b9bdab3f81d6aca881
  languageName: node
  linkType: hard

"bech32@npm:^2.0.0":
  version: 2.0.0
  resolution: "bech32@npm:2.0.0"
  checksum: 45e7cc62758c9b26c05161b4483f40ea534437cf68ef785abadc5b62a2611319b878fef4f86ddc14854f183b645917a19addebc9573ab890e19194bc8f521942
  languageName: node
  linkType: hard

"bip174@npm:^2.1.1":
  version: 2.1.1
  resolution: "bip174@npm:2.1.1"
  checksum: d92e142fca85fa4f621dbc9131dafe1da7d69fa7cae03137fa4745d66ffa50561f85ff8c49ca41da8ed1ca65e642415b13dc046531412dfebe6ff03c275e71ae
  languageName: node
  linkType: hard

"bitcoinjs-lib@npm:^6.1.0":
  version: 6.1.7
  resolution: "bitcoinjs-lib@npm:6.1.7"
  dependencies:
    "@noble/hashes": "npm:^1.2.0"
    bech32: "npm:^2.0.0"
    bip174: "npm:^2.1.1"
    bs58check: "npm:^3.0.1"
    typeforce: "npm:^1.11.3"
    varuint-bitcoin: "npm:^1.1.2"
  checksum: 1ce7415cc967bfc5ea7cba0032e73eaba8e3dd7683dffcc90c020d0dba92de6cf1dc92359733c9efa186a4c3ae9547cc379fa4b4a7fb106c0b126c226dec2a40
  languageName: node
  linkType: hard

"bs58@npm:^5.0.0":
  version: 5.0.0
  resolution: "bs58@npm:5.0.0"
  dependencies:
    base-x: "npm:^4.0.0"
  checksum: 0d1b05630b11db48039421b5975cb2636ae0a42c62f770eec257b2e5c7d94cb5f015f440785f3ec50870a6e9b1132b35bd0a17c7223655b22229f24b2a3491d1
  languageName: node
  linkType: hard

"bs58check@npm:^3.0.1":
  version: 3.0.1
  resolution: "bs58check@npm:3.0.1"
  dependencies:
    "@noble/hashes": "npm:^1.2.0"
    bs58: "npm:^5.0.0"
  checksum: a01f62351d17cea5f6607f75f6b4b79d3473d018c52f1dfa6f449751062bb079ebfd556ea81c453de657102ab8c5a6b78620161f21ae05f0e5a43543e0447700
  languageName: node
  linkType: hard

"safe-buffer@npm:^5.1.1":
  version: 5.2.1
  resolution: "safe-buffer@npm:5.2.1"
  checksum: 6501914237c0a86e9675d4e51d89ca3c21ffd6a31642efeba25ad65720bce6921c9e7e974e5be91a786b25aa058b5303285d3c15dbabf983a919f5f630d349f3
  languageName: node
  linkType: hard

"typeforce@npm:^1.11.3":
  version: 1.18.0
  resolution: "typeforce@npm:1.18.0"
  checksum: 011f57effd9ae6d3dd8bb249e09b4ecadb2c2a3f803b27f977ac8b7782834855930bff971ba549bcd5a8cedc8136d8a977c0b7e050cc67deded948181b7ba3e8
  languageName: node
  linkType: hard

"typescript@npm:^5.3.0":
  version: 5.9.3
  resolution: "typescript@npm:5.9.3"
  bin:
    tsc: bin/tsc
    tsserver: bin/tsserver
  checksum: 6bd7552ce39f97e711db5aa048f6f9995b53f1c52f7d8667c1abdc1700c68a76a308f579cd309ce6b53646deb4e9a1be7c813a93baaf0a28ccd536a30270e1c5
  languageName: node
  linkType: hard

"typescript@patch:typescript@npm%3A^5.3.0#optional!builtin<compat/typescript>":
  version: 5.9.3
  resolution: "typescript@patch:typescript@npm%3A5.9.3#optional!builtin<compat/typescript>::version=5.9.3&hash=e012d7"
  bin:
    tsc: bin/tsc
    tsserver: bin/tsserver
  checksum: 6f7e53bf0d9702350deeb6f35e08b69cbc8b958c33e0ec77bdc0ad6a6c8e280f3959dcbfde6f5b0848bece57810696489deaaa53d75de3578ff255d168c1efbd
  languageName: node
  linkType: hard

"undici-types@npm:~6.21.0":
  version: 6.21.0
  resolution: "undici-types@npm:6.21.0"
  checksum: c01ed51829b10aa72fc3ce64b747f8e74ae9b60eafa19a7b46ef624403508a54c526ffab06a14a26b3120d055e1104d7abe7c9017e83ced038ea5cf52f8d5e04
  languageName: node
  linkType: hard

"varuint-bitcoin@npm:^1.1.2":
  version: 1.1.2
  resolution: "varuint-bitcoin@npm:1.1.2"
  dependencies:
    safe-buffer: "npm:^5.1.1"
  checksum: 3d38f8de8192b7a4fc00abea01ed189f1e1e6aee1ebc4192040c5717d2483e0a6a73873fcf6b3c1910d947d338b671470505705fe40c765dc832255dfa2d4210
  languageName: node
  linkType: hard
